
Microsoft Visual Studio Solution File, Format Version 12.00
# Visual Studio Version 17
VisualStudioVersion = 17.14.36616.10 d17.14
MinimumVisualStudioVersion = 10.0.40219.1
Project("{FAE04EC0-301F-11D3-BF4B-00C04F79EFBC}") = "Hotel DEVInn", "Hotel DEVInn.csproj", "{7C5555DF-E20F-4A51-B19D-EF7F6A7AC6EF}"
EndProject
Global
	GlobalSection(SolutionConfigurationPlatforms) = preSolution
		Debug|Any CPU = Debug|Any CPU
		Release|Any CPU = Release|Any CPU
	EndGlobalSection
	GlobalSection(ProjectConfigurationPlatforms) = postSolution
		{7C5555DF-E20F-4A51-B19D-EF7F6A7AC6EF}.Debug|Any CPU.ActiveCfg = Debug|Any CPU
		{7C5555DF-E20F-4A51-B19D-EF7F6A7AC6EF}.Debug|Any CPU.Build.0 = Debug|Any CPU
		{7C5555DF-E20F-4A51-B19D-EF7F6A7AC6EF}.Release|Any CPU.ActiveCfg = Release|Any CPU
		{7C5555DF-E20F-4A51-B19D-EF7F6A7AC6EF}.Release|Any CPU.Build.0 = Release|Any CPU
	EndGlobalSection
	GlobalSection(SolutionProperties) = preSolution
		HideSolutionNode = FALSE
	EndGlobalSection
	GlobalSection(ExtensibilityGlobals) = postSolution
		SolutionGuid = {3F9C5F70-25D8-4148-A4B4-D41C349BFE8A}
	EndGlobalSection
EndGlobal
